
Microsoft Visual Studio Solution File, Format Version 12.00
Project("{2150E333-8FDC-42A3-9474-1A3956D46DE8}") = "Services", "Services", "{B2A41F51-CA30-4614-BA09-425A0BDEA31A}"
EndProject
Project("{2150E333-8FDC-42A3-9474-1A3956D46DE8}") = "Catalog", "Catalog", "{15029825-E5E6-45E6-886B-48C002997B67}"
EndProject
Project("{FAE04EC0-301F-11D3-BF4B-00C04F79EFBC}") = "Catalog.API", "Services\Catalog\Catalog.API\Catalog.API.csproj", "{DA2DBEDF-11D7-40A1-A49E-105A15B2B822}"
EndProject
Project("{2150E333-8FDC-42A3-9474-1A3956D46DE8}") = "BuildingBlocks", "BuildingBlocks", "{E5121294-B351-4A0B-9641-5CE139E97629}"
EndProject
Project("{FAE04EC0-301F-11D3-BF4B-00C04F79EFBC}") = "BuildingBlocks", "BuildingBlocks\BuildingBlocks\BuildingBlocks.csproj", "{5C5BA461-9C6F-4C0C-8710-145C2604CE2C}"
EndProject
Project("{2150E333-8FDC-42A3-9474-1A3956D46DE8}") = "Solution Items", "Solution Items", "{3578E14B-ED14-4F82-8A53-96EA88661E3A}"
	ProjectSection(SolutionItems) = preProject
		docker-compose.yml = docker-compose.yml
	EndProjectSection
EndProject
Project("{2150E333-8FDC-42A3-9474-1A3956D46DE8}") = "Basket", "Basket", "{6F8BB9C7-6855-4539-9F71-5AD85A5C7CFB}"
EndProject
Project("{FAE04EC0-301F-11D3-BF4B-00C04F79EFBC}") = "Basket.API", "Services\Basket\Basket.API\Basket.API.csproj", "{03000A9A-29D4-44C7-AF49-3046E395785E}"
EndProject
Project("{2150E333-8FDC-42A3-9474-1A3956D46DE8}") = "Discount", "Discount", "{B0B9BD6F-D685-48BC-ACAD-C8C37B7315F2}"
EndProject
Project("{FAE04EC0-301F-11D3-BF4B-00C04F79EFBC}") = "Discount.GRPC", "Services\Discount\Discount.GRPC\Discount.GRPC.csproj", "{8F7B9B4E-2C72-49C9-AF2A-6530A58BB84E}"
EndProject
Project("{2150E333-8FDC-42A3-9474-1A3956D46DE8}") = "Ordering", "Ordering", "{06BFC288-2BDB-4E2B-A629-6050757F6AD6}"
EndProject
Project("{FAE04EC0-301F-11D3-BF4B-00C04F79EFBC}") = "Ordering.API", "Services\Ordering\Ordering.API\Ordering.API.csproj", "{F0331E30-3025-4DC3-BB60-99F63C5C3420}"
EndProject
Project("{FAE04EC0-301F-11D3-BF4B-00C04F79EFBC}") = "Ordering.Domain", "Services\Ordering\Ordering.Domain\Ordering.Domain.csproj", "{CD4B46BE-006E-4DBC-9609-31D5A71186EE}"
EndProject
Project("{FAE04EC0-301F-11D3-BF4B-00C04F79EFBC}") = "Ordering.Application", "Services\Ordering\Ordering.Application\Ordering.Application.csproj", "{06DC79B0-6C7A-46B2-9149-19FFF2B97967}"
EndProject
Project("{FAE04EC0-301F-11D3-BF4B-00C04F79EFBC}") = "Ordering.Infrastructure", "Services\Ordering\Ordering.Infrastructure\Ordering.Infrastructure.csproj", "{75A874B4-0A83-43A4-8E5C-4257AEFFE7FE}"
EndProject
Global
	GlobalSection(SolutionConfigurationPlatforms) = preSolution
		Debug|Any CPU = Debug|Any CPU
		Release|Any CPU = Release|Any CPU
	EndGlobalSection
	GlobalSection(NestedProjects) = preSolution
		{15029825-E5E6-45E6-886B-48C002997B67} = {B2A41F51-CA30-4614-BA09-425A0BDEA31A}
		{DA2DBEDF-11D7-40A1-A49E-105A15B2B822} = {15029825-E5E6-45E6-886B-48C002997B67}
		{5C5BA461-9C6F-4C0C-8710-145C2604CE2C} = {E5121294-B351-4A0B-9641-5CE139E97629}
		{6F8BB9C7-6855-4539-9F71-5AD85A5C7CFB} = {B2A41F51-CA30-4614-BA09-425A0BDEA31A}
		{03000A9A-29D4-44C7-AF49-3046E395785E} = {6F8BB9C7-6855-4539-9F71-5AD85A5C7CFB}
		{B0B9BD6F-D685-48BC-ACAD-C8C37B7315F2} = {B2A41F51-CA30-4614-BA09-425A0BDEA31A}
		{8F7B9B4E-2C72-49C9-AF2A-6530A58BB84E} = {B0B9BD6F-D685-48BC-ACAD-C8C37B7315F2}
		{06BFC288-2BDB-4E2B-A629-6050757F6AD6} = {B2A41F51-CA30-4614-BA09-425A0BDEA31A}
		{F0331E30-3025-4DC3-BB60-99F63C5C3420} = {06BFC288-2BDB-4E2B-A629-6050757F6AD6}
		{CD4B46BE-006E-4DBC-9609-31D5A71186EE} = {06BFC288-2BDB-4E2B-A629-6050757F6AD6}
		{06DC79B0-6C7A-46B2-9149-19FFF2B97967} = {06BFC288-2BDB-4E2B-A629-6050757F6AD6}
		{75A874B4-0A83-43A4-8E5C-4257AEFFE7FE} = {06BFC288-2BDB-4E2B-A629-6050757F6AD6}
	EndGlobalSection
	GlobalSection(ProjectConfigurationPlatforms) = postSolution
		{DA2DBEDF-11D7-40A1-A49E-105A15B2B822}.Debug|Any CPU.ActiveCfg = Debug|Any CPU
		{DA2DBEDF-11D7-40A1-A49E-105A15B2B822}.Debug|Any CPU.Build.0 = Debug|Any CPU
		{DA2DBEDF-11D7-40A1-A49E-105A15B2B822}.Release|Any CPU.ActiveCfg = Release|Any CPU
		{DA2DBEDF-11D7-40A1-A49E-105A15B2B822}.Release|Any CPU.Build.0 = Release|Any CPU
		{5C5BA461-9C6F-4C0C-8710-145C2604CE2C}.Debug|Any CPU.ActiveCfg = Debug|Any CPU
		{5C5BA461-9C6F-4C0C-8710-145C2604CE2C}.Debug|Any CPU.Build.0 = Debug|Any CPU
		{5C5BA461-9C6F-4C0C-8710-145C2604CE2C}.Release|Any CPU.ActiveCfg = Release|Any CPU
		{5C5BA461-9C6F-4C0C-8710-145C2604CE2C}.Release|Any CPU.Build.0 = Release|Any CPU
		{03000A9A-29D4-44C7-AF49-3046E395785E}.Debug|Any CPU.ActiveCfg = Debug|Any CPU
		{03000A9A-29D4-44C7-AF49-3046E395785E}.Debug|Any CPU.Build.0 = Debug|Any CPU
		{03000A9A-29D4-44C7-AF49-3046E395785E}.Release|Any CPU.ActiveCfg = Release|Any CPU
		{03000A9A-29D4-44C7-AF49-3046E395785E}.Release|Any CPU.Build.0 = Release|Any CPU
		{8F7B9B4E-2C72-49C9-AF2A-6530A58BB84E}.Debug|Any CPU.ActiveCfg = Debug|Any CPU
		{8F7B9B4E-2C72-49C9-AF2A-6530A58BB84E}.Debug|Any CPU.Build.0 = Debug|Any CPU
		{8F7B9B4E-2C72-49C9-AF2A-6530A58BB84E}.Release|Any CPU.ActiveCfg = Release|Any CPU
		{8F7B9B4E-2C72-49C9-AF2A-6530A58BB84E}.Release|Any CPU.Build.0 = Release|Any CPU
		{F0331E30-3025-4DC3-BB60-99F63C5C3420}.Debug|Any CPU.ActiveCfg = Debug|Any CPU
		{F0331E30-3025-4DC3-BB60-99F63C5C3420}.Debug|Any CPU.Build.0 = Debug|Any CPU
		{F0331E30-3025-4DC3-BB60-99F63C5C3420}.Release|Any CPU.ActiveCfg = Release|Any CPU
		{F0331E30-3025-4DC3-BB60-99F63C5C3420}.Release|Any CPU.Build.0 = Release|Any CPU
		{CD4B46BE-006E-4DBC-9609-31D5A71186EE}.Debug|Any CPU.ActiveCfg = Debug|Any CPU
		{CD4B46BE-006E-4DBC-9609-31D5A71186EE}.Debug|Any CPU.Build.0 = Debug|Any CPU
		{CD4B46BE-006E-4DBC-9609-31D5A71186EE}.Release|Any CPU.ActiveCfg = Release|Any CPU
		{CD4B46BE-006E-4DBC-9609-31D5A71186EE}.Release|Any CPU.Build.0 = Release|Any CPU
		{06DC79B0-6C7A-46B2-9149-19FFF2B97967}.Debug|Any CPU.ActiveCfg = Debug|Any CPU
		{06DC79B0-6C7A-46B2-9149-19FFF2B97967}.Debug|Any CPU.Build.0 = Debug|Any CPU
		{06DC79B0-6C7A-46B2-9149-19FFF2B97967}.Release|Any CPU.ActiveCfg = Release|Any CPU
		{06DC79B0-6C7A-46B2-9149-19FFF2B97967}.Release|Any CPU.Build.0 = Release|Any CPU
		{75A874B4-0A83-43A4-8E5C-4257AEFFE7FE}.Debug|Any CPU.ActiveCfg = Debug|Any CPU
		{75A874B4-0A83-43A4-8E5C-4257AEFFE7FE}.Debug|Any CPU.Build.0 = Debug|Any CPU
		{75A874B4-0A83-43A4-8E5C-4257AEFFE7FE}.Release|Any CPU.ActiveCfg = Release|Any CPU
		{75A874B4-0A83-43A4-8E5C-4257AEFFE7FE}.Release|Any CPU.Build.0 = Release|Any CPU
	EndGlobalSection
EndGlobal
